// !$*UTF8*$!
{
	archiveVersion = 1;
	classes = {
	};
	objectVersion = 55;
	objects = {

/* Begin PBXBuildFile section */
		0F3FEEFC292E443600BA113B /* GetPermissions.swift in Sources */ = {isa = PBXBuildFile; fileRef = 0F3FEEFB292E443600BA113B /* GetPermissions.swift */; };
		0F59516428ACD373000DA418 /* FlutterWearPod.h in Headers */ = {isa = PBXBuildFile; fileRef = 0F59516328ACD373000DA418 /* FlutterWearPod.h */; settings = {ATTRIBUTES = (Public, ); }; };
		0F59517228ACD4C8000DA418 /* FlutterVdotokWear.h in Headers */ = {isa = PBXBuildFile; fileRef = 0F59517128ACD4C8000DA418 /* FlutterVdotokWear.h */; settings = {ATTRIBUTES = (Public, ); }; };
		0F59517C28ACD646000DA418 /* VdotokWear.swift in Sources */ = {isa = PBXBuildFile; fileRef = 0F59517B28ACD646000DA418 /* VdotokWear.swift */; };
		0F59517F28ACD6C7000DA418 /* Shared.swift in Sources */ = {isa = PBXBuildFile; fileRef = 0F59517E28ACD6C7000DA418 /* Shared.swift */; };
		0F59518128ACD6F6000DA418 /* BloodOxygenModel.swift in Sources */ = {isa = PBXBuildFile; fileRef = 0F59518028ACD6F6000DA418 /* BloodOxygenModel.swift */; };
		0F59518328ACD6FE000DA418 /* HeartRateModel.swift in Sources */ = {isa = PBXBuildFile; fileRef = 0F59518228ACD6FE000DA418 /* HeartRateModel.swift */; };
		0F59518528ACD707000DA418 /* StepsCountModel.swift in Sources */ = {isa = PBXBuildFile; fileRef = 0F59518428ACD707000DA418 /* StepsCountModel.swift */; };
/* End PBXBuildFile section */

/* Begin PBXFileReference section */
		0F3FEEFB292E443600BA113B /* GetPermissions.swift */ = {isa = PBXFileReference; fileEncoding = 4; lastKnownFileType = sourcecode.swift; path = GetPermissions.swift; sourceTree = "<group>"; };
		0F59516028ACD373000DA418 /* FlutterWearPod.framework */ = {isa = PBXFileReference; explicitFileType = wrapper.framework; includeInIndex = 0; path = FlutterWearPod.framework; sourceTree = BUILT_PRODUCTS_DIR; };
		0F59516328ACD373000DA418 /* FlutterWearPod.h */ = {isa = PBXFileReference; lastKnownFileType = sourcecode.c.h; path = FlutterWearPod.h; sourceTree = "<group>"; };
		0F59516F28ACD4C8000DA418 /* FlutterVdotokWear.framework */ = {isa = PBXFileReference; explicitFileType = wrapper.framework; includeInIndex = 0; path = FlutterVdotokWear.framework; sourceTree = BUILT_PRODUCTS_DIR; };
		0F59517128ACD4C8000DA418 /* FlutterVdotokWear.h */ = {isa = PBXFileReference; lastKnownFileType = sourcecode.c.h; path = FlutterVdotokWear.h; sourceTree = "<group>"; };
		0F59517B28ACD646000DA418 /* VdotokWear.swift */ = {isa = PBXFileReference; lastKnownFileType = sourcecode.swift; path = VdotokWear.swift; sourceTree = "<group>"; };
		0F59517E28ACD6C7000DA418 /* Shared.swift */ = {isa = PBXFileReference; lastKnownFileType = sourcecode.swift; path = Shared.swift; sourceTree = "<group>"; };
		0F59518028ACD6F6000DA418 /* BloodOxygenModel.swift */ = {isa = PBXFileReference; fileEncoding = 4; lastKnownFileType = sourcecode.swift; path = BloodOxygenModel.swift; sourceTree = "<group>"; };
		0F59518228ACD6FE000DA418 /* HeartRateModel.swift */ = {isa = PBXFileReference; fileEncoding = 4; lastKnownFileType = sourcecode.swift; path = HeartRateModel.swift; sourceTree = "<group>"; };
		0F59518428ACD707000DA418 /* StepsCountModel.swift */ = {isa = PBXFileReference; fileEncoding = 4; lastKnownFileType = sourcecode.swift; path = StepsCountModel.swift; sourceTree = "<group>"; };
/* End PBXFileReference section */

/* Begin PBXFrameworksBuildPhase section */
		0F59515D28ACD373000DA418 /* Frameworks */ = {
			isa = PBXFrameworksBuildPhase;
			buildActionMask = 2147483647;
			files = (
			);
			runOnlyForDeploymentPostprocessing = 0;
		};
		0F59516C28ACD4C8000DA418 /* Frameworks */ = {
			isa = PBXFrameworksBuildPhase;
			buildActionMask = 2147483647;
			files = (
			);
			runOnlyForDeploymentPostprocessing = 0;
		};
/* End PBXFrameworksBuildPhase section */

/* Begin PBXGroup section */
		0F59515628ACD373000DA418 = {
			isa = PBXGroup;
			children = (
				0F59516228ACD373000DA418 /* FlutterWearPod */,
				0F59517028ACD4C8000DA418 /* FlutterVdotokWear */,
				0F59516128ACD373000DA418 /* Products */,
			);
			sourceTree = "<group>";
		};
		0F59516128ACD373000DA418 /* Products */ = {
			isa = PBXGroup;
			children = (
				0F59516028ACD373000DA418 /* FlutterWearPod.framework */,
				0F59516F28ACD4C8000DA418 /* FlutterVdotokWear.framework */,
			);
			name = Products;
			sourceTree = "<group>";
		};
		0F59516228ACD373000DA418 /* FlutterWearPod */ = {
			isa = PBXGroup;
			children = (
				0F59517D28ACD6BB000DA418 /* Shared */,
				0F59516328ACD373000DA418 /* FlutterWearPod.h */,
			);
			path = FlutterWearPod;
			sourceTree = "<group>";
		};
		0F59517028ACD4C8000DA418 /* FlutterVdotokWear */ = {
			isa = PBXGroup;
			children = (
				0F59517A28ACD616000DA418 /* WatchOS */,
				0F59517128ACD4C8000DA418 /* FlutterVdotokWear.h */,
			);
			path = FlutterVdotokWear;
			sourceTree = "<group>";
		};
		0F59517A28ACD616000DA418 /* WatchOS */ = {
			isa = PBXGroup;
			children = (
				0F3FEEFB292E443600BA113B /* GetPermissions.swift */,
				0F59518028ACD6F6000DA418 /* BloodOxygenModel.swift */,
				0F59518228ACD6FE000DA418 /* HeartRateModel.swift */,
				0F59518428ACD707000DA418 /* StepsCountModel.swift */,
				0F59517B28ACD646000DA418 /* VdotokWear.swift */,
			);
			path = WatchOS;
			sourceTree = "<group>";
		};
		0F59517D28ACD6BB000DA418 /* Shared */ = {
			isa = PBXGroup;
			children = (
				0F59517E28ACD6C7000DA418 /* Shared.swift */,
			);
			path = Shared;
			sourceTree = "<group>";
		};
/* End PBXGroup section */

/* Begin PBXHeadersBuildPhase section */
		0F59515B28ACD373000DA418 /* Headers */ = {
			isa = PBXHeadersBuildPhase;
			buildActionMask = 2147483647;
			files = (
				0F59516428ACD373000DA418 /* FlutterWearPod.h in Headers */,
			);
			runOnlyForDeploymentPostprocessing = 0;
		};
		0F59516A28ACD4C8000DA418 /* Headers */ = {
			isa = PBXHeadersBuildPhase;
			buildActionMask = 2147483647;
			files = (
				0F59517228ACD4C8000DA418 /* FlutterVdotokWear.h in Headers */,
			);
			runOnlyForDeploymentPostprocessing = 0;
		};
/* End PBXHeadersBuildPhase section */

/* Begin PBXNativeTarget section */
		0F59515F28ACD373000DA418 /* FlutterWearPod */ = {
			isa = PBXNativeTarget;
			buildConfigurationList = 0F59516728ACD373000DA418 /* Build configuration list for PBXNativeTarget "FlutterWearPod" */;
			buildPhases = (
				0F59515B28ACD373000DA418 /* Headers */,
				0F59515C28ACD373000DA418 /* Sources */,
				0F59515D28ACD373000DA418 /* Frameworks */,
				0F59515E28ACD373000DA418 /* Resources */,
			);
			buildRules = (
			);
			dependencies = (
			);
			name = FlutterWearPod;
			productName = FlutterWearPod;
			productReference = 0F59516028ACD373000DA418 /* FlutterWearPod.framework */;
			productType = "com.apple.product-type.framework";
		};
		0F59516E28ACD4C8000DA418 /* FlutterVdotokWear */ = {
			isa = PBXNativeTarget;
			buildConfigurationList = 0F59517328ACD4C8000DA418 /* Build configuration list for PBXNativeTarget "FlutterVdotokWear" */;
			buildPhases = (
				0F59516A28ACD4C8000DA418 /* Headers */,
				0F59516B28ACD4C8000DA418 /* Sources */,
				0F59516C28ACD4C8000DA418 /* Frameworks */,
				0F59516D28ACD4C8000DA418 /* Resources */,
			);
			buildRules = (
			);
			dependencies = (
			);
			name = FlutterVdotokWear;
			productName = FlutterVdotokWear;
			productReference = 0F59516F28ACD4C8000DA418 /* FlutterVdotokWear.framework */;
			productType = "com.apple.product-type.framework";
		};
/* End PBXNativeTarget section */

/* Begin PBXProject section */
		0F59515728ACD373000DA418 /* Project object */ = {
			isa = PBXProject;
			attributes = {
				BuildIndependentTargetsInParallel = 1;
				LastUpgradeCheck = 1340;
				TargetAttributes = {
					0F59515F28ACD373000DA418 = {
						CreatedOnToolsVersion = 13.4.1;
						LastSwiftMigration = 1340;
					};
					0F59516E28ACD4C8000DA418 = {
						CreatedOnToolsVersion = 13.4.1;
						LastSwiftMigration = 1340;
					};
				};
			};
			buildConfigurationList = 0F59515A28ACD373000DA418 /* Build configuration list for PBXProject "FlutterWearPod" */;
			compatibilityVersion = "Xcode 13.0";
			developmentRegion = en;
			hasScannedForEncodings = 0;
			knownRegions = (
				en,
				Base,
			);
			mainGroup = 0F59515628ACD373000DA418;
			productRefGroup = 0F59516128ACD373000DA418 /* Products */;
			projectDirPath = "";
			projectRoot = "";
			targets = (
				0F59515F28ACD373000DA418 /* FlutterWearPod */,
				0F59516E28ACD4C8000DA418 /* FlutterVdotokWear */,
			);
		};
/* End PBXProject section */

/* Begin PBXResourcesBuildPhase section */
		0F59515E28ACD373000DA418 /* Resources */ = {
			isa = PBXResourcesBuildPhase;
			buildActionMask = 2147483647;
			files = (
			);
			runOnlyForDeploymentPostprocessing = 0;
		};
		0F59516D28ACD4C8000DA418 /* Resources */ = {
			isa = PBXResourcesBuildPhase;
			buildActionMask = 2147483647;
			files = (
			);
			runOnlyForDeploymentPostprocessing = 0;
		};
/* End PBXResourcesBuildPhase section */

/* Begin PBXSourcesBuildPhase section */
		0F59515C28ACD373000DA418 /* Sources */ = {
			isa = PBXSourcesBuildPhase;
			buildActionMask = 2147483647;
			files = (
				0F59517F28ACD6C7000DA418 /* Shared.swift in Sources */,
			);
			runOnlyForDeploymentPostprocessing = 0;
		};
		0F59516B28ACD4C8000DA418 /* Sources */ = {
			isa = PBXSourcesBuildPhase;
			buildActionMask = 2147483647;
			files = (
				0F59518128ACD6F6000DA418 /* BloodOxygenModel.swift in Sources */,
				0F59518528ACD707000DA418 /* StepsCountModel.swift in Sources */,
				0F59517C28ACD646000DA418 /* VdotokWear.swift in Sources */,
				0F59518328ACD6FE000DA418 /* HeartRateModel.swift in Sources */,
				0F3FEEFC292E443600BA113B /* GetPermissions.swift in Sources */,
			);
			runOnlyForDeploymentPostprocessing = 0;
		};
/* End PBXSourcesBuildPhase section */

/* Begin XCBuildConfiguration section */
		0F59516528ACD373000DA418 /* Debug */ = {
			isa = XCBuildConfiguration;
			buildSettings = {
				ALWAYS_SEARCH_USER_PATHS = NO;
				CLANG_ANALYZER_NONNULL = YES;
				CLANG_ANALYZER_NUMBER_OBJECT_CONVERSION = YES_AGGRESSIVE;
				CLANG_CXX_LANGUAGE_STANDARD = "gnu++17";
				CLANG_ENABLE_MODULES = YES;
				CLANG_ENABLE_OBJC_ARC = YES;
				CLANG_ENABLE_OBJC_WEAK = YES;
				CLANG_WARN_BLOCK_CAPTURE_AUTORELEASING = YES;
				CLANG_WARN_BOOL_CONVERSION = YES;
				CLANG_WARN_COMMA = YES;
				CLANG_WARN_CONSTANT_CONVERSION = YES;
				CLANG_WARN_DEPRECATED_OBJC_IMPLEMENTATIONS = YES;
				CLANG_WARN_DIRECT_OBJC_ISA_USAGE = YES_ERROR;
				CLANG_WARN_DOCUMENTATION_COMMENTS = YES;
				CLANG_WARN_EMPTY_BODY = YES;
				CLANG_WARN_ENUM_CONVERSION = YES;
				CLANG_WARN_INFINITE_RECURSION = YES;
				CLANG_WARN_INT_CONVERSION = YES;
				CLANG_WARN_NON_LITERAL_NULL_CONVERSION = YES;
				CLANG_WARN_OBJC_IMPLICIT_RETAIN_SELF = YES;
				CLANG_WARN_OBJC_LITERAL_CONVERSION = YES;
				CLANG_WARN_OBJC_ROOT_CLASS = YES_ERROR;
				CLANG_WARN_QUOTED_INCLUDE_IN_FRAMEWORK_HEADER = YES;
				CLANG_WARN_RANGE_LOOP_ANALYSIS = YES;
				CLANG_WARN_STRICT_PROTOTYPES = YES;
				CLANG_WARN_SUSPICIOUS_MOVE = YES;
				CLANG_WARN_UNGUARDED_AVAILABILITY = YES_AGGRESSIVE;
				CLANG_WARN_UNREACHABLE_CODE = YES;
				CLANG_WARN__DUPLICATE_METHOD_MATCH = YES;
				COPY_PHASE_STRIP = NO;
				CURRENT_PROJECT_VERSION = 1;
				DEBUG_INFORMATION_FORMAT = dwarf;
				ENABLE_STRICT_OBJC_MSGSEND = YES;
				ENABLE_TESTABILITY = YES;
				GCC_C_LANGUAGE_STANDARD = gnu11;
				GCC_DYNAMIC_NO_PIC = NO;
				GCC_NO_COMMON_BLOCKS = YES;
				GCC_OPTIMIZATION_LEVEL = 0;
				GCC_PREPROCESSOR_DEFINITIONS = (
					"DEBUG=1",
					"$(inherited)",
				);
				GCC_WARN_64_TO_32_BIT_CONVERSION = YES;
				GCC_WARN_ABOUT_RETURN_TYPE = YES_ERROR;
				GCC_WARN_UNDECLARED_SELECTOR = YES;
				GCC_WARN_UNINITIALIZED_AUTOS = YES_AGGRESSIVE;
				GCC_WARN_UNUSED_FUNCTION = YES;
				GCC_WARN_UNUSED_VARIABLE = YES;
				IPHONEOS_DEPLOYMENT_TARGET = 11.0;
				MTL_ENABLE_DEBUG_INFO = INCLUDE_SOURCE;
				MTL_FAST_MATH = YES;
				ONLY_ACTIVE_ARCH = YES;
				SDKROOT = iphoneos;
				SWIFT_ACTIVE_COMPILATION_CONDITIONS = DEBUG;
				SWIFT_OPTIMIZATION_LEVEL = "-Onone";
				VERSIONING_SYSTEM = "apple-generic";
				VERSION_INFO_PREFIX = "";
				WATCHOS_DEPLOYMENT_TARGET = 9.1;
			};
			name = Debug;
		};
		0F59516628ACD373000DA418 /* Release */ = {
			isa = XCBuildConfiguration;
			buildSettings = {
				ALWAYS_SEARCH_USER_PATHS = NO;
				CLANG_ANALYZER_NONNULL = YES;
				CLANG_ANALYZER_NUMBER_OBJECT_CONVERSION = YES_AGGRESSIVE;
				CLANG_CXX_LANGUAGE_STANDARD = "gnu++17";
				CLANG_ENABLE_MODULES = YES;
				CLANG_ENABLE_OBJC_ARC = YES;
				CLANG_ENABLE_OBJC_WEAK = YES;
				CLANG_WARN_BLOCK_CAPTURE_AUTORELEASING = YES;
				CLANG_WARN_BOOL_CONVERSION = YES;
				CLANG_WARN_COMMA = YES;
				CLANG_WARN_CONSTANT_CONVERSION = YES;
				CLANG_WARN_DEPRECATED_OBJC_IMPLEMENTATIONS = YES;
				CLANG_WARN_DIRECT_OBJC_ISA_USAGE = YES_ERROR;
				CLANG_WARN_DOCUMENTATION_COMMENTS = YES;
				CLANG_WARN_EMPTY_BODY = YES;
				CLANG_WARN_ENUM_CONVERSION = YES;
				CLANG_WARN_INFINITE_RECURSION = YES;
				CLANG_WARN_INT_CONVERSION = YES;
				CLANG_WARN_NON_LITERAL_NULL_CONVERSION = YES;
				CLANG_WARN_OBJC_IMPLICIT_RETAIN_SELF = YES;
				CLANG_WARN_OBJC_LITERAL_CONVERSION = YES;
				CLANG_WARN_OBJC_ROOT_CLASS = YES_ERROR;
				CLANG_WARN_QUOTED_INCLUDE_IN_FRAMEWORK_HEADER = YES;
				CLANG_WARN_RANGE_LOOP_ANALYSIS = YES;
				CLANG_WARN_STRICT_PROTOTYPES = YES;
				CLANG_WARN_SUSPICIOUS_MOVE = YES;
				CLANG_WARN_UNGUARDED_AVAILABILITY = YES_AGGRESSIVE;
				CLANG_WARN_UNREACHABLE_CODE = YES;
				CLANG_WARN__DUPLICATE_METHOD_MATCH = YES;
				COPY_PHASE_STRIP = NO;
				CURRENT_PROJECT_VERSION = 1;
				DEBUG_INFORMATION_FORMAT = "dwarf-with-dsym";
				ENABLE_NS_ASSERTIONS = NO;
				ENABLE_STRICT_OBJC_MSGSEND = YES;
				GCC_C_LANGUAGE_STANDARD = gnu11;
				GCC_NO_COMMON_BLOCKS = YES;
				GCC_WARN_64_TO_32_BIT_CONVERSION = YES;
				GCC_WARN_ABOUT_RETURN_TYPE = YES_ERROR;
				GCC_WARN_UNDECLARED_SELECTOR = YES;
				GCC_WARN_UNINITIALIZED_AUTOS = YES_AGGRESSIVE;
				GCC_WARN_UNUSED_FUNCTION = YES;
				GCC_WARN_UNUSED_VARIABLE = YES;
				IPHONEOS_DEPLOYMENT_TARGET = 11.0;
				MTL_ENABLE_DEBUG_INFO = NO;
				MTL_FAST_MATH = YES;
				SDKROOT = iphoneos;
				SWIFT_COMPILATION_MODE = wholemodule;
				SWIFT_OPTIMIZATION_LEVEL = "-O";
				VALIDATE_PRODUCT = YES;
				VERSIONING_SYSTEM = "apple-generic";
				VERSION_INFO_PREFIX = "";
				WATCHOS_DEPLOYMENT_TARGET = 9.1;
			};
			name = Release;
		};
		0F59516828ACD373000DA418 /* Debug */ = {
			isa = XCBuildConfiguration;
			buildSettings = {
				CLANG_ENABLE_MODULES = YES;
				CODE_SIGN_STYLE = Automatic;
				CURRENT_PROJECT_VERSION = 1;
				DEFINES_MODULE = YES;
				DEVELOPMENT_TEAM = 2XMPHHJW2J;
				DYLIB_COMPATIBILITY_VERSION = 1;
				DYLIB_CURRENT_VERSION = 1;
				DYLIB_INSTALL_NAME_BASE = "@rpath";
				GENERATE_INFOPLIST_FILE = YES;
				INFOPLIST_KEY_NSHumanReadableCopyright = "";
				INSTALL_PATH = "$(LOCAL_LIBRARY_DIR)/Frameworks";
				LD_RUNPATH_SEARCH_PATHS = (
					"$(inherited)",
					"@executable_path/Frameworks",
					"@loader_path/Frameworks",
				);
				MARKETING_VERSION = 1.0;
				PRODUCT_BUNDLE_IDENTIFIER = com.vdotok.FlutterWearPod;
				PRODUCT_NAME = "$(TARGET_NAME:c99extidentifier)";
				SKIP_INSTALL = YES;
				SWIFT_EMIT_LOC_STRINGS = YES;
				SWIFT_OPTIMIZATION_LEVEL = "-Onone";
				SWIFT_VERSION = 5.0;
				TARGETED_DEVICE_FAMILY = "1,2";
			};
			name = Debug;
		};
		0F59516928ACD373000DA418 /* Release */ = {
			isa = XCBuildConfiguration;
			buildSettings = {
				CLANG_ENABLE_MODULES = YES;
				CODE_SIGN_STYLE = Automatic;
				CURRENT_PROJECT_VERSION = 1;
				DEFINES_MODULE = YES;
				DEVELOPMENT_TEAM = 2XMPHHJW2J;
				DYLIB_COMPATIBILITY_VERSION = 1;
				DYLIB_CURRENT_VERSION = 1;
				DYLIB_INSTALL_NAME_BASE = "@rpath";
				GENERATE_INFOPLIST_FILE = YES;
				INFOPLIST_KEY_NSHumanReadableCopyright = "";
				INSTALL_PATH = "$(LOCAL_LIBRARY_DIR)/Frameworks";
				LD_RUNPATH_SEARCH_PATHS = (
					"$(inherited)",
					"@executable_path/Frameworks",
					"@loader_path/Frameworks",
				);
				MARKETING_VERSION = 1.0;
				PRODUCT_BUNDLE_IDENTIFIER = com.vdotok.FlutterWearPod;
				PRODUCT_NAME = "$(TARGET_NAME:c99extidentifier)";
				SKIP_INSTALL = YES;
				SWIFT_EMIT_LOC_STRINGS = YES;
				SWIFT_VERSION = 5.0;
				TARGETED_DEVICE_FAMILY = "1,2";
			};
			name = Release;
		};
		0F59517428ACD4C8000DA418 /* Debug */ = {
			isa = XCBuildConfiguration;
			buildSettings = {
				APPLICATION_EXTENSION_API_ONLY = YES;
				CLANG_ENABLE_MODULES = YES;
				CODE_SIGN_STYLE = Automatic;
				CURRENT_PROJECT_VERSION = 1;
				DEFINES_MODULE = YES;
				DEVELOPMENT_TEAM = 2XMPHHJW2J;
				DYLIB_COMPATIBILITY_VERSION = 1;
				DYLIB_CURRENT_VERSION = 1;
				DYLIB_INSTALL_NAME_BASE = "@rpath";
				GENERATE_INFOPLIST_FILE = YES;
				INFOPLIST_KEY_NSHumanReadableCopyright = "";
				INSTALL_PATH = "$(LOCAL_LIBRARY_DIR)/Frameworks";
				LD_RUNPATH_SEARCH_PATHS = (
					"$(inherited)",
					"@executable_path/Frameworks",
					"@loader_path/Frameworks",
				);
				MARKETING_VERSION = 1.0;
				PRODUCT_BUNDLE_IDENTIFIER = com.vdotok.FlutterVdotokWear;
				PRODUCT_NAME = "$(TARGET_NAME:c99extidentifier)";
				SDKROOT = watchos;
				SKIP_INSTALL = YES;
				SWIFT_EMIT_LOC_STRINGS = YES;
				SWIFT_OPTIMIZATION_LEVEL = "-Onone";
				SWIFT_VERSION = 5.0;
				TARGETED_DEVICE_FAMILY = 4;
				WATCHOS_DEPLOYMENT_TARGET = 8.5;
			};
			name = Debug;
		};
		0F59517528ACD4C8000DA418 /* Release */ = {
			isa = XCBuildConfiguration;
			buildSettings = {
				APPLICATION_EXTENSION_API_ONLY = YES;
				CLANG_ENABLE_MODULES = YES;
				CODE_SIGN_STYLE = Automatic;
				CURRENT_PROJECT_VERSION = 1;
				DEFINES_MODULE = YES;
				DEVELOPMENT_TEAM = 2XMPHHJW2J;
				DYLIB_COMPATIBILITY_VERSION = 1;
				DYLIB_CURRENT_VERSION = 1;
				DYLIB_INSTALL_NAME_BASE = "@rpath";
				GENERATE_INFOPLIST_FILE = YES;
				INFOPLIST_KEY_NSHumanReadableCopyright = "";
				INSTALL_PATH = "$(LOCAL_LIBRARY_DIR)/Frameworks";
				LD_RUNPATH_SEARCH_PATHS = (
					"$(inherited)",
					"@executable_path/Frameworks",
					"@loader_path/Frameworks",
				);
				MARKETING_VERSION = 1.0;
				PRODUCT_BUNDLE_IDENTIFIER = com.vdotok.FlutterVdotokWear;
				PRODUCT_NAME = "$(TARGET_NAME:c99extidentifier)";
				SDKROOT = watchos;
				SKIP_INSTALL = YES;
				SWIFT_EMIT_LOC_STRINGS = YES;
				SWIFT_VERSION = 5.0;
				TARGETED_DEVICE_FAMILY = 4;
				WATCHOS_DEPLOYMENT_TARGET = 8.5;
			};
			name = Release;
		};
/* End XCBuildConfiguration section */

/* Begin XCConfigurationList section */
		0F59515A28ACD373000DA418 /* Build configuration list for PBXProject "FlutterWearPod" */ = {
			isa = XCConfigurationList;
			buildConfigurations = (
				0F59516528ACD373000DA418 /* Debug */,
				0F59516628ACD373000DA418 /* Release */,
			);
			defaultConfigurationIsVisible = 0;
			defaultConfigurationName = Release;
		};
		0F59516728ACD373000DA418 /* Build configuration list for PBXNativeTarget "FlutterWearPod" */ = {
			isa = XCConfigurationList;
			buildConfigurations = (
				0F59516828ACD373000DA418 /* Debug */,
				0F59516928ACD373000DA418 /* Release */,
			);
			defaultConfigurationIsVisible = 0;
			defaultConfigurationName = Release;
		};
		0F59517328ACD4C8000DA418 /* Build configuration list for PBXNativeTarget "FlutterVdotokWear" */ = {
			isa = XCConfigurationList;
			buildConfigurations = (
				0F59517428ACD4C8000DA418 /* Debug */,
				0F59517528ACD4C8000DA418 /* Release */,
			);
			defaultConfigurationIsVisible = 0;
			defaultConfigurationName = Release;
		};
/* End XCConfigurationList section */
	};
	rootObject = 0F59515728ACD373000DA418 /* Project object */;
}
